
Microsoft Visual Studio Solution File, Format Version 12.00
# Visual Studio 14
VisualStudioVersion = 14.0.25420.1
MinimumVisualStudioVersion = 10.0.40219.1
Project("{FAE04EC0-301F-11D3-BF4B-00C04F79EFBC}") = "PocketPCRController", "PocketPCRController\PocketPCRController.csproj", "{ADFF786C-7FAF-41A1-A201-F69B6A3DC943}"
EndProject
Global
	GlobalSection(SolutionConfigurationPlatforms) = preSolution
		Debug|Any CPU = Debug|Any CPU
		Release|Any CPU = Release|Any CPU
	EndGlobalSection
	GlobalSection(ProjectConfigurationPlatforms) = postSolution
		{ADFF786C-7FAF-41A1-A201-F69B6A3DC943}.Debug|Any CPU.ActiveCfg = Debug|Any CPU
		{ADFF786C-7FAF-41A1-A201-F69B6A3DC943}.Debug|Any CPU.Build.0 = Debug|Any CPU
		{ADFF786C-7FAF-41A1-A201-F69B6A3DC943}.Release|Any CPU.ActiveCfg = Release|Any CPU
		{ADFF786C-7FAF-41A1-A201-F69B6A3DC943}.Release|Any CPU.Build.0 = Release|Any CPU
	EndGlobalSection
	GlobalSection(SolutionProperties) = preSolution
		HideSolutionNode = FALSE
	EndGlobalSection
EndGlobal
